
Microsoft Visual Studio Solution File, Format Version 12.00
# Visual Studio Version 17
VisualStudioVersion = 17.4.33122.133
MinimumVisualStudioVersion = 10.0.40219.1
Project("{9A19103F-16F7-4668-BE54-9A1E7A4F7556}") = "VertemNews", "VertemNews\VertemNews.csproj", "{2BC536BF-738E-4872-A0CB-A50F652DEC58}"
EndProject
Project("{00D1A9C2-B5F0-4AF3-8072-F6C62B433612}") = "VertemNewsBD", "VertemNewsBD\VertemNewsBD.sqlproj", "{0AC879CD-7F9A-4F46-A628-398371B7E263}"
EndProject
Global
	GlobalSection(SolutionConfigurationPlatforms) = preSolution
		Debug|Any CPU = Debug|Any CPU
		Release|Any CPU = Release|Any CPU
	EndGlobalSection
	GlobalSection(ProjectConfigurationPlatforms) = postSolution
		{2BC536BF-738E-4872-A0CB-A50F652DEC58}.Debug|Any CPU.ActiveCfg = Debug|Any CPU
		{2BC536BF-738E-4872-A0CB-A50F652DEC58}.Debug|Any CPU.Build.0 = Debug|Any CPU
		{2BC536BF-738E-4872-A0CB-A50F652DEC58}.Release|Any CPU.ActiveCfg = Release|Any CPU
		{2BC536BF-738E-4872-A0CB-A50F652DEC58}.Release|Any CPU.Build.0 = Release|Any CPU
		{0AC879CD-7F9A-4F46-A628-398371B7E263}.Debug|Any CPU.ActiveCfg = Debug|Any CPU
		{0AC879CD-7F9A-4F46-A628-398371B7E263}.Debug|Any CPU.Build.0 = Debug|Any CPU
		{0AC879CD-7F9A-4F46-A628-398371B7E263}.Debug|Any CPU.Deploy.0 = Debug|Any CPU
		{0AC879CD-7F9A-4F46-A628-398371B7E263}.Release|Any CPU.ActiveCfg = Release|Any CPU
		{0AC879CD-7F9A-4F46-A628-398371B7E263}.Release|Any CPU.Build.0 = Release|Any CPU
		{0AC879CD-7F9A-4F46-A628-398371B7E263}.Release|Any CPU.Deploy.0 = Release|Any CPU
	EndGlobalSection
	GlobalSection(SolutionProperties) = preSolution
		HideSolutionNode = FALSE
	EndGlobalSection
	GlobalSection(ExtensibilityGlobals) = postSolution
		SolutionGuid = {EEED6814-3537-45B3-A415-7F27F56265DC}
	EndGlobalSection
EndGlobal
